{
  "version": 4,
  "terraform_version": "1.15.0",
  "serial": 74,
  "lineage": "e4af81a7-fb76-0dd0-e4fb-9cf3df8e6efe",
  "outputs": {
    "folder_id": {
      "value": "folders/292667526083",
      "type": "string"
    },
    "service_account_email": {
      "value": "terraform-enterprise@gcp-px-org-prj-bootstrap-004.iam.gserviceaccount.com",
      "type": "string"
    }
  },
  "resources": [
    {
      "mode": "managed",
      "type": "google_folder",
      "name": "bootstrap",
      "provider": "provider[\"registry.terraform.io/hashicorp/google\"]",
      "instances": [
        {
          "schema_version": 0,
          "attributes": {
            "configured_capabilities": [],
            "create_time": "2026-05-13T17:19:02.994Z",
            "deletion_protection": false,
            "display_name": "Bootstrap",
            "folder_id": "292667526083",
            "id": "folders/292667526083",
            "lifecycle_state": "ACTIVE",
            "management_project": "",
            "name": "folders/292667526083",
            "parent": "organizations/176429376052",
            "tags": null,
            "timeouts": null
          },
          "sensitive_attributes": [],
          "identity_schema_version": 0,
          "private": "eyJlMmJmYjczMC1lY2FhLTExZTYtOGY4OC0zNDM2M2JjN2M0YzAiOnsiY3JlYXRlIjoyNDAwMDAwMDAwMDAsImRlbGV0ZSI6MjQwMDAwMDAwMDAwLCJyZWFkIjoyNDAwMDAwMDAwMDAsInVwZGF0ZSI6MjQwMDAwMDAwMDAwfX0="
        }
      ]
    },
    {
      "mode": "managed",
      "type": "google_project",
      "name": "bootstrap",
      "provider": "provider[\"registry.terraform.io/hashicorp/google\"]",
      "instances": [
        {
          "schema_version": 1,
          "attributes": {
            "auto_create_network": false,
            "billing_account": "01FB6D-BE5827-735622",
            "deletion_policy": "DELETE",
            "effective_labels": {
              "goog-terraform-provisioned": "true"
            },
            "folder_id": "292667526083",
            "id": "projects/gcp-px-org-prj-bootstrap-004",
            "labels": null,
            "name": "bootstrap",
            "number": "595206745991",
            "org_id": "",
            "project_id": "gcp-px-org-prj-bootstrap-004",
            "tags": null,
            "terraform_labels": {
              "goog-terraform-provisioned": "true"
            },
            "timeouts": null
          },
          "sensitive_attributes": [],
          "identity_schema_version": 0,
          "private": "eyJlMmJmYjczMC1lY2FhLTExZTYtOGY4OC0zNDM2M2JjN2M0YzAiOnsiY3JlYXRlIjo2MDAwMDAwMDAwMDAsImRlbGV0ZSI6NjAwMDAwMDAwMDAwLCJyZWFkIjo2MDAwMDAwMDAwMDAsInVwZGF0ZSI6NjAwMDAwMDAwMDAwfSwic2NoZW1hX3ZlcnNpb24iOiIxIn0=",
          "dependencies": [
            "google_folder.bootstrap"
          ]
        }
      ]
    }
  ],
  "check_results": null
}
